
Microsoft Visual Studio Solution File, Format Version 10.00
# Visual Studio 2008
Project("{8BC9CEB8-8B4A-11D0-8D11-00A0C91BC942}") = "11.19", "11.19\11.19.vcproj", "{8393397C-C03B-4606-A2AA-1C03375EAEBE}"
EndProject
Global
	GlobalSection(SolutionConfigurationPlatforms) = preSolution
		Debug|Win32 = Debug|Win32
		Release|Win32 = Release|Win32
	EndGlobalSection
	GlobalSection(ProjectConfigurationPlatforms) = postSolution
		{8393397C-C03B-4606-A2AA-1C03375EAEBE}.Debug|Win32.ActiveCfg = Debug|Win32
		{8393397C-C03B-4606-A2AA-1C03375EAEBE}.Debug|Win32.Build.0 = Debug|Win32
		{8393397C-C03B-4606-A2AA-1C03375EAEBE}.Release|Win32.ActiveCfg = Release|Win32
		{8393397C-C03B-4606-A2AA-1C03375EAEBE}.Release|Win32.Build.0 = Release|Win32
	EndGlobalSection
	GlobalSection(SolutionProperties) = preSolution
		HideSolutionNode = FALSE
	EndGlobalSection
EndGlobal
