
Microsoft Visual Studio Solution File, Format Version 10.00
# Visual Studio 2008
Project("{8BC9CEB8-8B4A-11D0-8D11-00A0C91BC942}") = "12.2", "12.2\12.2.vcproj", "{E391925A-3F13-4D39-A5B3-F573F9A9E918}"
EndProject
Global
	GlobalSection(SolutionConfigurationPlatforms) = preSolution
		Debug|Win32 = Debug|Win32
		Release|Win32 = Release|Win32
	EndGlobalSection
	GlobalSection(ProjectConfigurationPlatforms) = postSolution
		{E391925A-3F13-4D39-A5B3-F573F9A9E918}.Debug|Win32.ActiveCfg = Debug|Win32
		{E391925A-3F13-4D39-A5B3-F573F9A9E918}.Debug|Win32.Build.0 = Debug|Win32
		{E391925A-3F13-4D39-A5B3-F573F9A9E918}.Release|Win32.ActiveCfg = Release|Win32
		{E391925A-3F13-4D39-A5B3-F573F9A9E918}.Release|Win32.Build.0 = Release|Win32
	EndGlobalSection
	GlobalSection(SolutionProperties) = preSolution
		HideSolutionNode = FALSE
	EndGlobalSection
EndGlobal
