
Microsoft Visual Studio Solution File, Format Version 10.00
# Visual Studio 2008
Project("{8BC9CEB8-8B4A-11D0-8D11-00A0C91BC942}") = "三子棋", "三子棋\三子棋.vcproj", "{57D2342B-1147-48B1-966B-C3E11C88C0C8}"
EndProject
Global
	GlobalSection(SolutionConfigurationPlatforms) = preSolution
		Debug|Win32 = Debug|Win32
		Release|Win32 = Release|Win32
	EndGlobalSection
	GlobalSection(ProjectConfigurationPlatforms) = postSolution
		{57D2342B-1147-48B1-966B-C3E11C88C0C8}.Debug|Win32.ActiveCfg = Debug|Win32
		{57D2342B-1147-48B1-966B-C3E11C88C0C8}.Debug|Win32.Build.0 = Debug|Win32
		{57D2342B-1147-48B1-966B-C3E11C88C0C8}.Release|Win32.ActiveCfg = Release|Win32
		{57D2342B-1147-48B1-966B-C3E11C88C0C8}.Release|Win32.Build.0 = Release|Win32
	EndGlobalSection
	GlobalSection(SolutionProperties) = preSolution
		HideSolutionNode = FALSE
	EndGlobalSection
EndGlobal
