
Microsoft Visual Studio Solution File, Format Version 10.00
# Visual Studio 2008
Project("{8BC9CEB8-8B4A-11D0-8D11-00A0C91BC942}") = "11.7.1", "11.7.1\11.7.1.vcproj", "{78979A90-24B5-48D7-A2A1-467C108FFBCC}"
EndProject
Global
	GlobalSection(SolutionConfigurationPlatforms) = preSolution
		Debug|Win32 = Debug|Win32
		Release|Win32 = Release|Win32
	EndGlobalSection
	GlobalSection(ProjectConfigurationPlatforms) = postSolution
		{78979A90-24B5-48D7-A2A1-467C108FFBCC}.Debug|Win32.ActiveCfg = Debug|Win32
		{78979A90-24B5-48D7-A2A1-467C108FFBCC}.Debug|Win32.Build.0 = Debug|Win32
		{78979A90-24B5-48D7-A2A1-467C108FFBCC}.Release|Win32.ActiveCfg = Release|Win32
		{78979A90-24B5-48D7-A2A1-467C108FFBCC}.Release|Win32.Build.0 = Release|Win32
	EndGlobalSection
	GlobalSection(SolutionProperties) = preSolution
		HideSolutionNode = FALSE
	EndGlobalSection
EndGlobal
