
Microsoft Visual Studio Solution File, Format Version 12.00
# Visual Studio 2013
VisualStudioVersion = 12.0.21005.1
MinimumVisualStudioVersion = 10.0.40219.1
Project("{8BC9CEB8-8B4A-11D0-8D11-00A0C91BC942}") = "博客1", "博客1\博客1.vcxproj", "{108C59BA-E9C7-4AF2-A5FB-F7C33AC3BD2D}"
EndProject
Global
	GlobalSection(SolutionConfigurationPlatforms) = preSolution
		Debug|Win32 = Debug|Win32
		Release|Win32 = Release|Win32
	EndGlobalSection
	GlobalSection(ProjectConfigurationPlatforms) = postSolution
		{108C59BA-E9C7-4AF2-A5FB-F7C33AC3BD2D}.Debug|Win32.ActiveCfg = Debug|Win32
		{108C59BA-E9C7-4AF2-A5FB-F7C33AC3BD2D}.Debug|Win32.Build.0 = Debug|Win32
		{108C59BA-E9C7-4AF2-A5FB-F7C33AC3BD2D}.Release|Win32.ActiveCfg = Release|Win32
		{108C59BA-E9C7-4AF2-A5FB-F7C33AC3BD2D}.Release|Win32.Build.0 = Release|Win32
	EndGlobalSection
	GlobalSection(SolutionProperties) = preSolution
		HideSolutionNode = FALSE
	EndGlobalSection
EndGlobal
