
Microsoft Visual Studio Solution File, Format Version 10.00
# Visual Studio 2008
Project("{8BC9CEB8-8B4A-11D0-8D11-00A0C91BC942}") = "11.10", "11.10\11.10.vcproj", "{3DE47C8F-8C29-4974-A73D-315791E46617}"
EndProject
Global
	GlobalSection(SolutionConfigurationPlatforms) = preSolution
		Debug|Win32 = Debug|Win32
		Release|Win32 = Release|Win32
	EndGlobalSection
	GlobalSection(ProjectConfigurationPlatforms) = postSolution
		{3DE47C8F-8C29-4974-A73D-315791E46617}.Debug|Win32.ActiveCfg = Debug|Win32
		{3DE47C8F-8C29-4974-A73D-315791E46617}.Debug|Win32.Build.0 = Debug|Win32
		{3DE47C8F-8C29-4974-A73D-315791E46617}.Release|Win32.ActiveCfg = Release|Win32
		{3DE47C8F-8C29-4974-A73D-315791E46617}.Release|Win32.Build.0 = Release|Win32
	EndGlobalSection
	GlobalSection(SolutionProperties) = preSolution
		HideSolutionNode = FALSE
	EndGlobalSection
EndGlobal
