
Microsoft Visual Studio Solution File, Format Version 10.00
# Visual Studio 2008
Project("{8BC9CEB8-8B4A-11D0-8D11-00A0C91BC942}") = "11.30", "11.30\11.30.vcproj", "{073B5C9B-6D89-4180-80CD-00E6C7957AB3}"
EndProject
Global
	GlobalSection(SolutionConfigurationPlatforms) = preSolution
		Debug|Win32 = Debug|Win32
		Release|Win32 = Release|Win32
	EndGlobalSection
	GlobalSection(ProjectConfigurationPlatforms) = postSolution
		{073B5C9B-6D89-4180-80CD-00E6C7957AB3}.Debug|Win32.ActiveCfg = Debug|Win32
		{073B5C9B-6D89-4180-80CD-00E6C7957AB3}.Debug|Win32.Build.0 = Debug|Win32
		{073B5C9B-6D89-4180-80CD-00E6C7957AB3}.Release|Win32.ActiveCfg = Release|Win32
		{073B5C9B-6D89-4180-80CD-00E6C7957AB3}.Release|Win32.Build.0 = Release|Win32
	EndGlobalSection
	GlobalSection(SolutionProperties) = preSolution
		HideSolutionNode = FALSE
	EndGlobalSection
EndGlobal
