
Microsoft Visual Studio Solution File, Format Version 10.00
# Visual Studio 2008
Project("{8BC9CEB8-8B4A-11D0-8D11-00A0C91BC942}") = "12.7", "12.7\12.7.vcproj", "{7BDC4D76-AD54-4814-9708-33468EFE2922}"
EndProject
Global
	GlobalSection(SolutionConfigurationPlatforms) = preSolution
		Debug|Win32 = Debug|Win32
		Release|Win32 = Release|Win32
	EndGlobalSection
	GlobalSection(ProjectConfigurationPlatforms) = postSolution
		{7BDC4D76-AD54-4814-9708-33468EFE2922}.Debug|Win32.ActiveCfg = Debug|Win32
		{7BDC4D76-AD54-4814-9708-33468EFE2922}.Debug|Win32.Build.0 = Debug|Win32
		{7BDC4D76-AD54-4814-9708-33468EFE2922}.Release|Win32.ActiveCfg = Release|Win32
		{7BDC4D76-AD54-4814-9708-33468EFE2922}.Release|Win32.Build.0 = Release|Win32
	EndGlobalSection
	GlobalSection(SolutionProperties) = preSolution
		HideSolutionNode = FALSE
	EndGlobalSection
EndGlobal
