
Microsoft Visual Studio Solution File, Format Version 10.00
# Visual Studio 2008
Project("{8BC9CEB8-8B4A-11D0-8D11-00A0C91BC942}") = "11.14.1", "11.14.1\11.14.1.vcproj", "{5FA6588A-F3CC-4B4E-BB13-2994FA7F2592}"
EndProject
Global
	GlobalSection(SolutionConfigurationPlatforms) = preSolution
		Debug|Win32 = Debug|Win32
		Release|Win32 = Release|Win32
	EndGlobalSection
	GlobalSection(ProjectConfigurationPlatforms) = postSolution
		{5FA6588A-F3CC-4B4E-BB13-2994FA7F2592}.Debug|Win32.ActiveCfg = Debug|Win32
		{5FA6588A-F3CC-4B4E-BB13-2994FA7F2592}.Debug|Win32.Build.0 = Debug|Win32
		{5FA6588A-F3CC-4B4E-BB13-2994FA7F2592}.Release|Win32.ActiveCfg = Release|Win32
		{5FA6588A-F3CC-4B4E-BB13-2994FA7F2592}.Release|Win32.Build.0 = Release|Win32
	EndGlobalSection
	GlobalSection(SolutionProperties) = preSolution
		HideSolutionNode = FALSE
	EndGlobalSection
EndGlobal
